
Microsoft Visual Studio Solution File, Format Version 12.00
# Visual Studio Version 17
VisualStudioVersion = 17.4.33103.184
MinimumVisualStudioVersion = 10.0.40219.1
Project("{FAE04EC0-301F-11D3-BF4B-00C04F79EFBC}") = "AutoServiceShopApp", "AutoServiceShopApp\AutoServiceShopApp.csproj", "{7C44B63F-ECD0-40CC-88DE-251AB7913F37}"
EndProject
Global
	GlobalSection(SolutionConfigurationPlatforms) = preSolution
		Debug|Any CPU = Debug|Any CPU
		Release|Any CPU = Release|Any CPU
	EndGlobalSection
	GlobalSection(ProjectConfigurationPlatforms) = postSolution
		{7C44B63F-ECD0-40CC-88DE-251AB7913F37}.Debug|Any CPU.ActiveCfg = Debug|Any CPU
		{7C44B63F-ECD0-40CC-88DE-251AB7913F37}.Debug|Any CPU.Build.0 = Debug|Any CPU
		{7C44B63F-ECD0-40CC-88DE-251AB7913F37}.Release|Any CPU.ActiveCfg = Release|Any CPU
		{7C44B63F-ECD0-40CC-88DE-251AB7913F37}.Release|Any CPU.Build.0 = Release|Any CPU
	EndGlobalSection
	GlobalSection(SolutionProperties) = preSolution
		HideSolutionNode = FALSE
	EndGlobalSection
	GlobalSection(ExtensibilityGlobals) = postSolution
		SolutionGuid = {C9185143-7ED1-43AC-9AA9-7C27A4C7368E}
	EndGlobalSection
EndGlobal
